
Microsoft Visual Studio Solution File, Format Version 12.00
# Visual Studio 15
VisualStudioVersion = 15.0.27428.1
MinimumVisualStudioVersion = 10.0.40219.1
Project("{FAE04EC0-301F-11D3-BF4B-00C04F79EFBC}") = "WebApplication1", "WebApplication1\WebApplication1.csproj", "{FDC96638-D7C3-432F-B07B-039EEF1ED075}"
EndProject
Global
	GlobalSection(SolutionConfigurationPlatforms) = preSolution
		Debug|Any CPU = Debug|Any CPU
		Release|Any CPU = Release|Any CPU
	EndGlobalSection
	GlobalSection(ProjectConfigurationPlatforms) = postSolution
		{FDC96638-D7C3-432F-B07B-039EEF1ED075}.Debug|Any CPU.ActiveCfg = Debug|Any CPU
		{FDC96638-D7C3-432F-B07B-039EEF1ED075}.Debug|Any CPU.Build.0 = Debug|Any CPU
		{FDC96638-D7C3-432F-B07B-039EEF1ED075}.Release|Any CPU.ActiveCfg = Release|Any CPU
		{FDC96638-D7C3-432F-B07B-039EEF1ED075}.Release|Any CPU.Build.0 = Release|Any CPU
	EndGlobalSection
	GlobalSection(SolutionProperties) = preSolution
		HideSolutionNode = FALSE
	EndGlobalSection
	GlobalSection(ExtensibilityGlobals) = postSolution
		SolutionGuid = {365E680F-263D-470F-BB6C-5648647906D3}
	EndGlobalSection
EndGlobal
